
Microsoft Visual Studio Solution File, Format Version 12.00
# Visual Studio 2012
Project("{8BC9CEB8-8B4A-11D0-8D11-00A0C91BC942}") = "Mouve.Logic", "Logic\Mouve.Logic.vcxproj", "{DC17726C-68F2-4136-BBC4-25765372976A}"
	ProjectSection(ProjectDependencies) = postProject
		{201C0F8F-4B5D-4CA2-A267-1EBED6CD8460} = {201C0F8F-4B5D-4CA2-A267-1EBED6CD8460}
	EndProjectSection
EndProject
Project("{8BC9CEB8-8B4A-11D0-8D11-00A0C91BC942}") = "Mouve.UI", "UI\Mouve.UI.vcxproj", "{51F34DAC-D745-438A-88A2-B1F28A174E23}"
	ProjectSection(ProjectDependencies) = postProject
		{DC17726C-68F2-4136-BBC4-25765372976A} = {DC17726C-68F2-4136-BBC4-25765372976A}
		{201C0F8F-4B5D-4CA2-A267-1EBED6CD8460} = {201C0F8F-4B5D-4CA2-A267-1EBED6CD8460}
	EndProjectSection
EndProject
Project("{8BC9CEB8-8B4A-11D0-8D11-00A0C91BC942}") = "Mouve.Kommon", "Kommon\Mouve.Kommon.vcxproj", "{201C0F8F-4B5D-4CA2-A267-1EBED6CD8460}"
EndProject
Project("{8BC9CEB8-8B4A-11D0-8D11-00A0C91BC942}") = "ShiTomasi.Plugin", "ShiTomasi.Plugin\ShiTomasi.Plugin.vcxproj", "{E4D0A5F3-CC77-4078-BDB0-EF002DCBE699}"
	ProjectSection(ProjectDependencies) = postProject
		{DC17726C-68F2-4136-BBC4-25765372976A} = {DC17726C-68F2-4136-BBC4-25765372976A}
		{201C0F8F-4B5D-4CA2-A267-1EBED6CD8460} = {201C0F8F-4B5D-4CA2-A267-1EBED6CD8460}
	EndProjectSection
EndProject
Project("{8BC9CEB8-8B4A-11D0-8D11-00A0C91BC942}") = "BRISK.Plugin", "BRISK.Plugin\BRISK.Plugin.vcxproj", "{B12702AD-ABFB-343A-A199-8E24837244A3}"
	ProjectSection(ProjectDependencies) = postProject
		{DC17726C-68F2-4136-BBC4-25765372976A} = {DC17726C-68F2-4136-BBC4-25765372976A}
		{201C0F8F-4B5D-4CA2-A267-1EBED6CD8460} = {201C0F8F-4B5D-4CA2-A267-1EBED6CD8460}
	EndProjectSection
EndProject
Project("{2150E333-8FDC-42A3-9474-1A3956D46DE8}") = "Plugins", "Plugins", "{DA6F30AB-37D4-4393-8721-E8C615CAD98F}"
EndProject
Global
	GlobalSection(SolutionConfigurationPlatforms) = preSolution
		Debug|Win32 = Debug|Win32
		Debug|x64 = Debug|x64
		Release|Win32 = Release|Win32
		Release|x64 = Release|x64
	EndGlobalSection
	GlobalSection(ProjectConfigurationPlatforms) = postSolution
		{DC17726C-68F2-4136-BBC4-25765372976A}.Debug|Win32.ActiveCfg = Debug|Win32
		{DC17726C-68F2-4136-BBC4-25765372976A}.Debug|Win32.Build.0 = Debug|Win32
		{DC17726C-68F2-4136-BBC4-25765372976A}.Debug|x64.ActiveCfg = Debug|x64
		{DC17726C-68F2-4136-BBC4-25765372976A}.Debug|x64.Build.0 = Debug|x64
		{DC17726C-68F2-4136-BBC4-25765372976A}.Release|Win32.ActiveCfg = Release|Win32
		{DC17726C-68F2-4136-BBC4-25765372976A}.Release|Win32.Build.0 = Release|Win32
		{DC17726C-68F2-4136-BBC4-25765372976A}.Release|x64.ActiveCfg = Release|x64
		{DC17726C-68F2-4136-BBC4-25765372976A}.Release|x64.Build.0 = Release|x64
		{51F34DAC-D745-438A-88A2-B1F28A174E23}.Debug|Win32.ActiveCfg = Debug|Win32
		{51F34DAC-D745-438A-88A2-B1F28A174E23}.Debug|Win32.Build.0 = Debug|Win32
		{51F34DAC-D745-438A-88A2-B1F28A174E23}.Debug|x64.ActiveCfg = Debug|x64
		{51F34DAC-D745-438A-88A2-B1F28A174E23}.Debug|x64.Build.0 = Debug|x64
		{51F34DAC-D745-438A-88A2-B1F28A174E23}.Release|Win32.ActiveCfg = Release|Win32
		{51F34DAC-D745-438A-88A2-B1F28A174E23}.Release|Win32.Build.0 = Release|Win32
		{51F34DAC-D745-438A-88A2-B1F28A174E23}.Release|x64.ActiveCfg = Release|x64
		{51F34DAC-D745-438A-88A2-B1F28A174E23}.Release|x64.Build.0 = Release|x64
		{201C0F8F-4B5D-4CA2-A267-1EBED6CD8460}.Debug|Win32.ActiveCfg = Debug|Win32
		{201C0F8F-4B5D-4CA2-A267-1EBED6CD8460}.Debug|Win32.Build.0 = Debug|Win32
		{201C0F8F-4B5D-4CA2-A267-1EBED6CD8460}.Debug|x64.ActiveCfg = Debug|x64
		{201C0F8F-4B5D-4CA2-A267-1EBED6CD8460}.Debug|x64.Build.0 = Debug|x64
		{201C0F8F-4B5D-4CA2-A267-1EBED6CD8460}.Release|Win32.ActiveCfg = Release|Win32
		{201C0F8F-4B5D-4CA2-A267-1EBED6CD8460}.Release|Win32.Build.0 = Release|Win32
		{201C0F8F-4B5D-4CA2-A267-1EBED6CD8460}.Release|x64.ActiveCfg = Release|x64
		{201C0F8F-4B5D-4CA2-A267-1EBED6CD8460}.Release|x64.Build.0 = Release|x64
		{E4D0A5F3-CC77-4078-BDB0-EF002DCBE699}.Debug|Win32.ActiveCfg = Debug|Win32
		{E4D0A5F3-CC77-4078-BDB0-EF002DCBE699}.Debug|Win32.Build.0 = Debug|Win32
		{E4D0A5F3-CC77-4078-BDB0-EF002DCBE699}.Debug|x64.ActiveCfg = Debug|x64
		{E4D0A5F3-CC77-4078-BDB0-EF002DCBE699}.Debug|x64.Build.0 = Debug|x64
		{E4D0A5F3-CC77-4078-BDB0-EF002DCBE699}.Release|Win32.ActiveCfg = Release|Win32
		{E4D0A5F3-CC77-4078-BDB0-EF002DCBE699}.Release|Win32.Build.0 = Release|Win32
		{E4D0A5F3-CC77-4078-BDB0-EF002DCBE699}.Release|x64.ActiveCfg = Release|x64
		{E4D0A5F3-CC77-4078-BDB0-EF002DCBE699}.Release|x64.Build.0 = Release|x64
		{B12702AD-ABFB-343A-A199-8E24837244A3}.Debug|Win32.ActiveCfg = Debug|Win32
		{B12702AD-ABFB-343A-A199-8E24837244A3}.Debug|Win32.Build.0 = Debug|Win32
		{B12702AD-ABFB-343A-A199-8E24837244A3}.Debug|x64.ActiveCfg = Debug|Win32
		{B12702AD-ABFB-343A-A199-8E24837244A3}.Release|Win32.ActiveCfg = Release|Win32
		{B12702AD-ABFB-343A-A199-8E24837244A3}.Release|Win32.Build.0 = Release|Win32
		{B12702AD-ABFB-343A-A199-8E24837244A3}.Release|x64.ActiveCfg = Release|x64
		{B12702AD-ABFB-343A-A199-8E24837244A3}.Release|x64.Build.0 = Release|x64
	EndGlobalSection
	GlobalSection(SolutionProperties) = preSolution
		HideSolutionNode = FALSE
	EndGlobalSection
	GlobalSection(NestedProjects) = preSolution
		{B12702AD-ABFB-343A-A199-8E24837244A3} = {DA6F30AB-37D4-4393-8721-E8C615CAD98F}
		{E4D0A5F3-CC77-4078-BDB0-EF002DCBE699} = {DA6F30AB-37D4-4393-8721-E8C615CAD98F}
	EndGlobalSection
	GlobalSection(ExtensibilityGlobals) = postSolution
		Qt5Version = 5.0.1
	EndGlobalSection
EndGlobal
