<?xml version="1.0" encoding="utf-8"?>
<Project ToolsVersion="4.0" xmlns="http://schemas.microsoft.com/developer/msbuild/2003">
  <ItemGroup>
    <Filter Include="Source Files">
      <UniqueIdentifier>{4FC737F1-C7A5-4376-A066-2A32D752A2FF}</UniqueIdentifier>
      <Extensions>cpp;cxx;c;def</Extensions>
    </Filter>
    <Filter Include="Header Files">
      <UniqueIdentifier>{93995380-89BD-4b04-88EB-625FBE52EBFB}</UniqueIdentifier>
      <Extensions>h</Extensions>
    </Filter>
    <Filter Include="AGAST">
      <UniqueIdentifier>{D9D6E242-F8AF-46E4-B9FD-80ECBC20BA3E}</UniqueIdentifier>
      <Extensions>qrc;*</Extensions>
      <ParseFiles>false</ParseFiles>
    </Filter>
  </ItemGroup>
  <ItemGroup>
    <ClCompile Include="agast\agast5_8.cc">
      <Filter>AGAST</Filter>
    </ClCompile>
    <ClCompile Include="agast\agast5_8_nms.cc">
      <Filter>AGAST</Filter>
    </ClCompile>
    <ClCompile Include="agast\agast7_12d.cc">
      <Filter>AGAST</Filter>
    </ClCompile>
    <ClCompile Include="agast\agast7_12d_nms.cc">
      <Filter>AGAST</Filter>
    </ClCompile>
    <ClCompile Include="agast\agast7_12s.cc">
      <Filter>AGAST</Filter>
    </ClCompile>
    <ClCompile Include="agast\agast7_12s_nms.cc">
      <Filter>AGAST</Filter>
    </ClCompile>
    <ClCompile Include="agast\AstDetector.cc">
      <Filter>AGAST</Filter>
    </ClCompile>
    <ClCompile Include="agast\nonMaximumSuppression.cc">
      <Filter>AGAST</Filter>
    </ClCompile>
    <ClCompile Include="agast\oast9_16.cc">
      <Filter>AGAST</Filter>
    </ClCompile>
    <ClCompile Include="agast\oast9_16_nms.cc">
      <Filter>AGAST</Filter>
    </ClCompile>
    <ClCompile Include="brisk.cpp">
      <Filter>Source Files</Filter>
    </ClCompile>
    <ClCompile Include="BriskNode.cpp">
      <Filter>Source Files</Filter>
    </ClCompile>
  </ItemGroup>
  <ItemGroup>
    <ClInclude Include="agast\agast5_8.h">
      <Filter>AGAST</Filter>
    </ClInclude>
    <ClInclude Include="agast\agast7_12d.h">
      <Filter>AGAST</Filter>
    </ClInclude>
    <ClInclude Include="agast\agast7_12s.h">
      <Filter>AGAST</Filter>
    </ClInclude>
    <ClInclude Include="agast\AstDetector.h">
      <Filter>AGAST</Filter>
    </ClInclude>
    <ClInclude Include="agast\cvWrapper.h">
      <Filter>AGAST</Filter>
    </ClInclude>
    <ClInclude Include="agast\oast9_16.h">
      <Filter>AGAST</Filter>
    </ClInclude>
    <ClInclude Include="brisk.h">
      <Filter>Header Files</Filter>
    </ClInclude>
  </ItemGroup>
</Project>