<?xml version="1.0" encoding="utf-8"?>
<Project ToolsVersion="4.0" xmlns="http://schemas.microsoft.com/developer/msbuild/2003">
  <ItemGroup>
    <Filter Include="Source Files">
      <UniqueIdentifier>{4FC737F1-C7A5-4376-A066-2A32D752A2FF}</UniqueIdentifier>
      <Extensions>cpp;cxx;c;def</Extensions>
    </Filter>
    <Filter Include="Header Files">
      <UniqueIdentifier>{93995380-89BD-4b04-88EB-625FBE52EBFB}</UniqueIdentifier>
      <Extensions>h</Extensions>
    </Filter>
    <Filter Include="Common Files">
      <UniqueIdentifier>{D9D6E242-F8AF-46E4-B9FD-80ECBC20BA3E}</UniqueIdentifier>
      <Extensions>qrc;*</Extensions>
      <ParseFiles>false</ParseFiles>
    </Filter>
    <Filter Include="Nodes">
      <UniqueIdentifier>{1a2e12c6-74b7-4b31-abf2-e3936507e48a}</UniqueIdentifier>
    </Filter>
    <Filter Include="OpenCL">
      <UniqueIdentifier>{ab4a3088-b01c-4001-aa41-f93f1a6702f4}</UniqueIdentifier>
    </Filter>
    <Filter Include="OpenCL\Kernels">
      <UniqueIdentifier>{2bcd7856-1d37-4ec6-87b5-1b71f853f5f2}</UniqueIdentifier>
    </Filter>
    <Filter Include="JAI">
      <UniqueIdentifier>{9c6451d6-6afb-4654-a120-74c0e61b6396}</UniqueIdentifier>
    </Filter>
  </ItemGroup>
  <ItemGroup>
    <ClCompile Include="Precomp.cpp">
      <Filter>Common Files</Filter>
    </ClCompile>
    <ClCompile Include="Node.cpp">
      <Filter>Source Files</Filter>
    </ClCompile>
    <ClCompile Include="NodeFactory.cpp">
      <Filter>Source Files</Filter>
    </ClCompile>
    <ClCompile Include="NodeSystem.cpp">
      <Filter>Source Files</Filter>
    </ClCompile>
    <ClCompile Include="NodeLink.cpp">
      <Filter>Source Files</Filter>
    </ClCompile>
    <ClCompile Include="NodeTree.cpp">
      <Filter>Source Files</Filter>
    </ClCompile>
    <ClCompile Include="NodeType.cpp">
      <Filter>Source Files</Filter>
    </ClCompile>
    <ClCompile Include="NodeFlowData.cpp">
      <Filter>Source Files</Filter>
    </ClCompile>
    <ClCompile Include="NodeModule.cpp">
      <Filter>Source Files</Filter>
    </ClCompile>
    <ClCompile Include="Nodes\BriskNodes.cpp">
      <Filter>Nodes</Filter>
    </ClCompile>
    <ClCompile Include="Nodes\CV.cpp">
      <Filter>Nodes</Filter>
    </ClCompile>
    <ClCompile Include="Nodes\DrawFeaturesNodes.cpp">
      <Filter>Nodes</Filter>
    </ClCompile>
    <ClCompile Include="Nodes\HomographyNodes.cpp">
      <Filter>Nodes</Filter>
    </ClCompile>
    <ClCompile Include="Nodes\MatcherNodes.cpp">
      <Filter>Nodes</Filter>
    </ClCompile>
    <ClCompile Include="Nodes\SurfNodes.cpp">
      <Filter>Nodes</Filter>
    </ClCompile>
    <ClCompile Include="Nodes\BasicNodes.cpp">
      <Filter>Nodes</Filter>
    </ClCompile>
    <ClCompile Include="Nodes\HoughNodes.cpp">
      <Filter>Nodes</Filter>
    </ClCompile>
    <ClCompile Include="OpenCL\GpuNodeModule.cpp">
      <Filter>OpenCL</Filter>
    </ClCompile>
    <ClCompile Include="OpenCL\GpuMorphologyNode.cpp">
      <Filter>OpenCL</Filter>
    </ClCompile>
    <ClCompile Include="OpenCL\GpuBasicNodes.cpp">
      <Filter>OpenCL</Filter>
    </ClCompile>
    <ClCompile Include="OpenCL\GpuHoughLinesNode.cpp">
      <Filter>OpenCL</Filter>
    </ClCompile>
    <ClCompile Include="OpenCL\GpuMixtureOfGaussians.cpp">
      <Filter>OpenCL</Filter>
    </ClCompile>
    <ClCompile Include="OpenCL\GpuKernelLibrary.cpp">
      <Filter>OpenCL</Filter>
    </ClCompile>
    <ClCompile Include="OpenCL\DeviceArray.cpp">
      <Filter>OpenCL</Filter>
    </ClCompile>
    <ClCompile Include="Nodes\ColorConversionNodes.cpp">
      <Filter>Nodes</Filter>
    </ClCompile>
    <ClCompile Include="Jai\JaiCameraNodes.cpp">
      <Filter>JAI</Filter>
    </ClCompile>
    <ClCompile Include="Jai\JaiNodeModule.cpp">
      <Filter>JAI</Filter>
    </ClCompile>
    <ClCompile Include="Nodes\SiftNodes.cpp">
      <Filter>Nodes</Filter>
    </ClCompile>
    <ClCompile Include="Nodes\ImageTransformationNodes.cpp">
      <Filter>Nodes</Filter>
    </ClCompile>
    <ClCompile Include="Nodes\ksurf.cpp">
      <Filter>Nodes</Filter>
    </ClCompile>
    <ClCompile Include="Nodes\kSurfNodes.cpp">
      <Filter>Nodes</Filter>
    </ClCompile>
    <ClCompile Include="OpenCL\GpuSurfNode.cpp">
      <Filter>OpenCL</Filter>
    </ClCompile>
  </ItemGroup>
  <ItemGroup>
    <CustomBuild Include="Node.h">
      <Filter>Header Files</Filter>
    </CustomBuild>
    <CustomBuild Include="NodeFactory.h">
      <Filter>Header Files</Filter>
    </CustomBuild>
    <CustomBuild Include="NodeLink.h">
      <Filter>Header Files</Filter>
    </CustomBuild>
    <CustomBuild Include="NodeSystem.h">
      <Filter>Header Files</Filter>
    </CustomBuild>
    <CustomBuild Include="NodeTree.h">
      <Filter>Header Files</Filter>
    </CustomBuild>
    <CustomBuild Include="NodeType.h">
      <Filter>Header Files</Filter>
    </CustomBuild>
    <CustomBuild Include="Precomp.h">
      <Filter>Common Files</Filter>
    </CustomBuild>
    <CustomBuild Include="Prerequisites.h">
      <Filter>Common Files</Filter>
    </CustomBuild>
  </ItemGroup>
  <ItemGroup>
    <ClInclude Include="NodeException.h">
      <Filter>Header Files</Filter>
    </ClInclude>
    <ClInclude Include="NodeFlowData.h">
      <Filter>Header Files</Filter>
    </ClInclude>
    <ClInclude Include="NodeModule.h">
      <Filter>Header Files</Filter>
    </ClInclude>
    <ClInclude Include="Nodes\CV.h">
      <Filter>Nodes</Filter>
    </ClInclude>
    <ClInclude Include="Nodes\ksurf.h">
      <Filter>Nodes</Filter>
    </ClInclude>
    <ClInclude Include="OpenCL\GpuNodeModule.h">
      <Filter>OpenCL</Filter>
    </ClInclude>
    <ClInclude Include="OpenCL\GpuException.h">
      <Filter>OpenCL</Filter>
    </ClInclude>
    <ClInclude Include="OpenCL\GpuNode.h">
      <Filter>OpenCL</Filter>
    </ClInclude>
    <ClInclude Include="OpenCL\GpuKernelLibrary.h">
      <Filter>OpenCL</Filter>
    </ClInclude>
    <ClInclude Include="OpenCL\DeviceArray.h">
      <Filter>OpenCL</Filter>
    </ClInclude>
    <ClInclude Include="Jai\JaiException.h">
      <Filter>JAI</Filter>
    </ClInclude>
    <ClInclude Include="Jai\JaiNodeModule.h">
      <Filter>JAI</Filter>
    </ClInclude>
  </ItemGroup>
  <ItemGroup>
    <None Include="OpenCL\kernels\hough.cl">
      <Filter>OpenCL\Kernels</Filter>
    </None>
    <None Include="OpenCL\kernels\mog.cl">
      <Filter>OpenCL\Kernels</Filter>
    </None>
    <None Include="OpenCL\kernels\morphOp.cl">
      <Filter>OpenCL\Kernels</Filter>
    </None>
    <None Include="OpenCL\kernels\fill.cl">
      <Filter>OpenCL\Kernels</Filter>
    </None>
    <None Include="OpenCL\kernels\integral.cl">
      <Filter>OpenCL\Kernels</Filter>
    </None>
    <None Include="OpenCL\kernels\surf.cl">
      <Filter>OpenCL\Kernels</Filter>
    </None>
  </ItemGroup>
</Project>