<?xml version="1.0" encoding="utf-8"?>
<Project ToolsVersion="4.0" xmlns="http://schemas.microsoft.com/developer/msbuild/2003">
  <ItemGroup>
    <Filter Include="Header Files">
      <UniqueIdentifier>{93995380-89BD-4b04-88EB-625FBE52EBFB}</UniqueIdentifier>
      <Extensions>h</Extensions>
    </Filter>
    <Filter Include="Resource Files">
      <UniqueIdentifier>{D9D6E242-F8AF-46E4-B9FD-80ECBC20BA3E}</UniqueIdentifier>
      <Extensions>qrc;*</Extensions>
      <ParseFiles>false</ParseFiles>
    </Filter>
    <Filter Include="Generated Files">
      <UniqueIdentifier>{71ED8ED8-ACB9-4CE9-BBE1-E00B30144E11}</UniqueIdentifier>
      <Extensions>moc;h;cpp</Extensions>
      <SourceControlFiles>False</SourceControlFiles>
    </Filter>
    <Filter Include="Generated Files\Debug">
      <UniqueIdentifier>{1e895b27-ad15-4802-aa5e-f238b8b76438}</UniqueIdentifier>
      <Extensions>cpp;moc</Extensions>
      <SourceControlFiles>False</SourceControlFiles>
    </Filter>
    <Filter Include="Generated Files\Release">
      <UniqueIdentifier>{8e76f72c-da25-47d6-acfc-2ab9d6dc2ab5}</UniqueIdentifier>
      <Extensions>cpp;moc</Extensions>
      <SourceControlFiles>False</SourceControlFiles>
    </Filter>
    <Filter Include="UI">
      <UniqueIdentifier>{99349809-55BA-4b9d-BF79-8FDBB0286EB3}</UniqueIdentifier>
      <Extensions>ui</Extensions>
    </Filter>
    <Filter Include="_View">
      <UniqueIdentifier>{eb00ad1c-bf8f-40f0-a600-47eec6e675f2}</UniqueIdentifier>
    </Filter>
    <Filter Include="_Model">
      <UniqueIdentifier>{e15f20e9-d570-4861-9128-1480e5cb5832}</UniqueIdentifier>
    </Filter>
  </ItemGroup>
  <ItemGroup>
    <ClCompile Include="Precomp.cpp" />
    <ClCompile Include="App.cpp" />
    <ClCompile Include="NodeEditorView.cpp">
      <Filter>_View</Filter>
    </ClCompile>
    <ClCompile Include="GeneratedFiles\Debug\moc_NodeEditorView.cpp">
      <Filter>Generated Files\Debug</Filter>
    </ClCompile>
    <ClCompile Include="GeneratedFiles\Release\moc_NodeEditorView.cpp">
      <Filter>Generated Files\Release</Filter>
    </ClCompile>
    <ClCompile Include="NodeTemporaryLinkView.cpp">
      <Filter>_View</Filter>
    </ClCompile>
    <ClCompile Include="NodeStyle.cpp">
      <Filter>_View</Filter>
    </ClCompile>
    <ClCompile Include="NodeSocketView.cpp">
      <Filter>_View</Filter>
    </ClCompile>
    <ClCompile Include="NodeConnectorView.cpp">
      <Filter>_View</Filter>
    </ClCompile>
    <ClCompile Include="GeneratedFiles\Debug\moc_NodeConnectorView.cpp">
      <Filter>Generated Files\Debug</Filter>
    </ClCompile>
    <ClCompile Include="GeneratedFiles\Release\moc_NodeConnectorView.cpp">
      <Filter>Generated Files\Release</Filter>
    </ClCompile>
    <ClCompile Include="GeneratedFiles\Debug\moc_NodeSocketView.cpp">
      <Filter>Generated Files\Debug</Filter>
    </ClCompile>
    <ClCompile Include="GeneratedFiles\Release\moc_NodeSocketView.cpp">
      <Filter>Generated Files\Release</Filter>
    </ClCompile>
    <ClCompile Include="NodeScene.cpp">
      <Filter>_View</Filter>
    </ClCompile>
    <ClCompile Include="NodeLinkView.cpp">
      <Filter>_View</Filter>
    </ClCompile>
    <ClCompile Include="GeneratedFiles\Debug\moc_Controller.cpp">
      <Filter>Generated Files\Debug</Filter>
    </ClCompile>
    <ClCompile Include="GeneratedFiles\Release\moc_Controller.cpp">
      <Filter>Generated Files\Release</Filter>
    </ClCompile>
    <ClCompile Include="Controller.cpp" />
    <ClCompile Include="Node.cpp">
      <Filter>_Model</Filter>
    </ClCompile>
    <ClCompile Include="NodeFactory.cpp">
      <Filter>_Model</Filter>
    </ClCompile>
    <ClCompile Include="NodeLink.cpp">
      <Filter>_Model</Filter>
    </ClCompile>
    <ClCompile Include="NodeSystem.cpp">
      <Filter>_Model</Filter>
    </ClCompile>
    <ClCompile Include="NodeTree.cpp">
      <Filter>_Model</Filter>
    </ClCompile>
    <ClCompile Include="NodeType.cpp">
      <Filter>_Model</Filter>
    </ClCompile>
    <ClCompile Include="NodeView.cpp">
      <Filter>_View</Filter>
    </ClCompile>
    <ClCompile Include="GeneratedFiles\Debug\moc_NodeView.cpp">
      <Filter>Generated Files\Debug</Filter>
    </ClCompile>
    <ClCompile Include="GeneratedFiles\Release\moc_NodeView.cpp">
      <Filter>Generated Files\Release</Filter>
    </ClCompile>
  </ItemGroup>
  <ItemGroup>
    <ClInclude Include="Precomp.h" />
    <ClInclude Include="StlUtils.h">
      <Filter>Header Files</Filter>
    </ClInclude>
    <ClInclude Include="Singleton.h">
      <Filter>Header Files</Filter>
    </ClInclude>
    <ClInclude Include="Prerequisites.h">
      <Filter>Header Files</Filter>
    </ClInclude>
    <ClInclude Include="NodeStyle.h">
      <Filter>_View</Filter>
    </ClInclude>
    <ClInclude Include="NodeScene.h">
      <Filter>_View</Filter>
    </ClInclude>
    <ClInclude Include="NodeLinkView.h">
      <Filter>_View</Filter>
    </ClInclude>
    <ClInclude Include="GeneratedFiles\ui_MainWindow.h">
      <Filter>Generated Files</Filter>
    </ClInclude>
    <ClInclude Include="BuiltinNodeTypes.h">
      <Filter>_Model</Filter>
    </ClInclude>
    <ClInclude Include="Node.h">
      <Filter>_Model</Filter>
    </ClInclude>
    <ClInclude Include="NodeFactory.h">
      <Filter>_Model</Filter>
    </ClInclude>
    <ClInclude Include="NodeLink.h">
      <Filter>_Model</Filter>
    </ClInclude>
    <ClInclude Include="NodeSystem.h">
      <Filter>_Model</Filter>
    </ClInclude>
    <ClInclude Include="NodeTree.h">
      <Filter>_Model</Filter>
    </ClInclude>
    <ClInclude Include="NodeType.h">
      <Filter>_Model</Filter>
    </ClInclude>
  </ItemGroup>
  <ItemGroup>
    <CustomBuild Include="NodeEditorView.h">
      <Filter>_View</Filter>
    </CustomBuild>
    <CustomBuild Include="NodeTemporaryLinkView.h">
      <Filter>_View</Filter>
    </CustomBuild>
    <CustomBuild Include="NodeConnectorView.h">
      <Filter>_View</Filter>
    </CustomBuild>
    <CustomBuild Include="NodeSocketView.h">
      <Filter>_View</Filter>
    </CustomBuild>
    <CustomBuild Include="Controller.h" />
    <CustomBuild Include="MainWindow.ui">
      <Filter>UI</Filter>
    </CustomBuild>
    <CustomBuild Include="NodeView.h">
      <Filter>_View</Filter>
    </CustomBuild>
  </ItemGroup>
</Project>